{
  "name": "browser-sync",
  "version": "2.24.7",
  "lockfileVersion": 1,
  "requires": true,
  "dependencies": {
    "bs-snippet-injector": {
      "version": "2.0.1",
      "resolved": "https://registry.npmjs.org/bs-snippet-injector/-/bs-snippet-injector-2.0.1.tgz",
      "integrity": "sha1-YbU5PxH1JVntEgaTEANDtu2wTdU="
    },
    "connect-history-api-fallback": {
      "version": "1.5.0",
      "resolved": "https://registry.npmjs.org/connect-history-api-fallback/-/connect-history-api-fallback-1.5.0.tgz",
      "integrity": "sha1-sGhzk0vF40T+9hGhlqb6rgruAVo="
    }
  }
}
