{
	"name": "browser-sync-client",
	"version": "2.28.1",
	"lockfileVersion": 2,
	"requires": true,
	"packages": {
		"": {
			"name": "browser-sync-client",
			"version": "2.28.1",
			"license": "ISC",
			"dependencies": {
				"etag": "1.8.1",
				"fresh": "0.5.2",
				"mitt": "^1.1.3",
				"rxjs": "^5.5.6",
				"typescript": "^4.6.2"
			},
			"devDependencies": {
				"@types/node": "^8",
				"esbuild": "^0.14.27",
				"nanologger": "^1.3.1",
				"socket.io-client": "^4.4.1"
			},
			"engines": {
				"node": ">=8.0.0"
			}
		},
		"node_modules/@socket.io/component-emitter": {
			"version": "3.1.0",
			"resolved": "https://registry.npmjs.org/@socket.io/component-emitter/-/component-emitter-3.1.0.tgz",
			"integrity": "sha512-+9jVqKhRSpsc591z5vX+X5Yyw+he/HCB4iQ/RYxw35CEPaY1gnsNE43nf9n9AaYjAQrTiI/mOwKUKdUs9vf7Xg==",
			"dev": true
		},
		"node_modules/@types/node": {
			"version": "8.10.46",
			"resolved": "https://registry.npmjs.org/@types/node/-/node-8.10.46.tgz",
			"integrity": "sha512-PfnRbk836fFs9T9QnZh0G1k9oC6YXCqIK3LX6vU/6oiXtEBSFCiJFj6UnLZtqIIHTsgMn8Dojq3yhmpwY7QWcw==",
			"dev": true
		},
		"node_modules/debug": {
			"version": "4.3.4",
			"resolved": "https://registry.npmjs.org/debug/-/debug-4.3.4.tgz",
			"integrity": "sha512-PRWFHuSU3eDtQJPvnNY7Jcket1j0t5OuOsFzPPzsekD52Zl8qUfFIPEiswXqIvHWGVHOgX+7G/vCNNhehwxfkQ==",
			"dev": true,
			"dependencies": {
				"ms": "2.1.2"
			},
			"engines": {
				"node": ">=6.0"
			},
			"peerDependenciesMeta": {
				"supports-color": {
					"optional": true
				}
			}
		},
		"node_modules/engine.io-client": {
			"version": "6.2.3",
			"resolved": "https://registry.npmjs.org/engine.io-client/-/engine.io-client-6.2.3.tgz",
			"integrity": "sha512-aXPtgF1JS3RuuKcpSrBtimSjYvrbhKW9froICH4s0F3XQWLxsKNxqzG39nnvQZQnva4CMvUK63T7shevxRyYHw==",
			"dev": true,
			"dependencies": {
				"@socket.io/component-emitter": "~3.1.0",
				"debug": "~4.3.1",
				"engine.io-parser": "~5.0.3",
				"ws": "~8.2.3",
				"xmlhttprequest-ssl": "~2.0.0"
			}
		},
		"node_modules/engine.io-parser": {
			"version": "5.0.4",
			"resolved": "https://registry.npmjs.org/engine.io-parser/-/engine.io-parser-5.0.4.tgz",
			"integrity": "sha512-+nVFp+5z1E3HcToEnO7ZIj3g+3k9389DvWtvJZz0T6/eOCPIyyxehFcedoYrZQrp0LgQbD9pPXhpMBKMd5QURg==",
			"dev": true,
			"engines": {
				"node": ">=10.0.0"
			}
		},
		"node_modules/esbuild": {
			"version": "0.14.27",
			"resolved": "https://registry.npmjs.org/esbuild/-/esbuild-0.14.27.tgz",
			"integrity": "sha512-MZQt5SywZS3hA9fXnMhR22dv0oPGh6QtjJRIYbgL1AeqAoQZE+Qn5ppGYQAoHv/vq827flj4tIJ79Mrdiwk46Q==",
			"dev": true,
			"hasInstallScript": true,
			"bin": {
				"esbuild": "bin/esbuild"
			},
			"engines": {
				"node": ">=12"
			},
			"optionalDependencies": {
				"esbuild-android-64": "0.14.27",
				"esbuild-android-arm64": "0.14.27",
				"esbuild-darwin-64": "0.14.27",
				"esbuild-darwin-arm64": "0.14.27",
				"esbuild-freebsd-64": "0.14.27",
				"esbuild-freebsd-arm64": "0.14.27",
				"esbuild-linux-32": "0.14.27",
				"esbuild-linux-64": "0.14.27",
				"esbuild-linux-arm": "0.14.27",
				"esbuild-linux-arm64": "0.14.27",
				"esbuild-linux-mips64le": "0.14.27",
				"esbuild-linux-ppc64le": "0.14.27",
				"esbuild-linux-riscv64": "0.14.27",
				"esbuild-linux-s390x": "0.14.27",
				"esbuild-netbsd-64": "0.14.27",
				"esbuild-openbsd-64": "0.14.27",
				"esbuild-sunos-64": "0.14.27",
				"esbuild-windows-32": "0.14.27",
				"esbuild-windows-64": "0.14.27",
				"esbuild-windows-arm64": "0.14.27"
			}
		},
		"node_modules/esbuild-android-64": {
			"version": "0.14.27",
			"resolved": "https://registry.npmjs.org/esbuild-android-64/-/esbuild-android-64-0.14.27.tgz",
			"integrity": "sha512-LuEd4uPuj/16Y8j6kqy3Z2E9vNY9logfq8Tq+oTE2PZVuNs3M1kj5Qd4O95ee66yDGb3isaOCV7sOLDwtMfGaQ==",
			"cpu": [
				"x64"
			],
			"dev": true,
			"optional": true,
			"os": [
				"android"
			],
			"engines": {
				"node": ">=12"
			}
		},
		"node_modules/esbuild-android-arm64": {
			"version": "0.14.27",
			"resolved": "https://registry.npmjs.org/esbuild-android-arm64/-/esbuild-android-arm64-0.14.27.tgz",
			"integrity": "sha512-E8Ktwwa6vX8q7QeJmg8yepBYXaee50OdQS3BFtEHKrzbV45H4foMOeEE7uqdjGQZFBap5VAqo7pvjlyA92wznQ==",
			"cpu": [
				"arm64"
			],
			"dev": true,
			"optional": true,
			"os": [
				"android"
			],
			"engines": {
				"node": ">=12"
			}
		},
		"node_modules/esbuild-darwin-64": {
			"version": "0.14.27",
			"resolved": "https://registry.npmjs.org/esbuild-darwin-64/-/esbuild-darwin-64-0.14.27.tgz",
			"integrity": "sha512-czw/kXl/1ZdenPWfw9jDc5iuIYxqUxgQ/Q+hRd4/3udyGGVI31r29LCViN2bAJgGvQkqyLGVcG03PJPEXQ5i2g==",
			"cpu": [
				"x64"
			],
			"dev": true,
			"optional": true,
			"os": [
				"darwin"
			],
			"engines": {
				"node": ">=12"
			}
		},
		"node_modules/esbuild-darwin-arm64": {
			"version": "0.14.27",
			"resolved": "https://registry.npmjs.org/esbuild-darwin-arm64/-/esbuild-darwin-arm64-0.14.27.tgz",
			"integrity": "sha512-BEsv2U2U4o672oV8+xpXNxN9bgqRCtddQC6WBh4YhXKDcSZcdNh7+6nS+DM2vu7qWIWNA4JbRG24LUUYXysimQ==",
			"cpu": [
				"arm64"
			],
			"dev": true,
			"optional": true,
			"os": [
				"darwin"
			],
			"engines": {
				"node": ">=12"
			}
		},
		"node_modules/esbuild-freebsd-64": {
			"version": "0.14.27",
			"resolved": "https://registry.npmjs.org/esbuild-freebsd-64/-/esbuild-freebsd-64-0.14.27.tgz",
			"integrity": "sha512-7FeiFPGBo+ga+kOkDxtPmdPZdayrSzsV9pmfHxcyLKxu+3oTcajeZlOO1y9HW+t5aFZPiv7czOHM4KNd0tNwCA==",
			"cpu": [
				"x64"
			],
			"dev": true,
			"optional": true,
			"os": [
				"freebsd"
			],
			"engines": {
				"node": ">=12"
			}
		},
		"node_modules/esbuild-freebsd-arm64": {
			"version": "0.14.27",
			"resolved": "https://registry.npmjs.org/esbuild-freebsd-arm64/-/esbuild-freebsd-arm64-0.14.27.tgz",
			"integrity": "sha512-8CK3++foRZJluOWXpllG5zwAVlxtv36NpHfsbWS7TYlD8S+QruXltKlXToc/5ZNzBK++l6rvRKELu/puCLc7jA==",
			"cpu": [
				"arm64"
			],
			"dev": true,
			"optional": true,
			"os": [
				"freebsd"
			],
			"engines": {
				"node": ">=12"
			}
		},
		"node_modules/esbuild-linux-32": {
			"version": "0.14.27",
			"resolved": "https://registry.npmjs.org/esbuild-linux-32/-/esbuild-linux-32-0.14.27.tgz",
			"integrity": "sha512-qhNYIcT+EsYSBClZ5QhLzFzV5iVsP1YsITqblSaztr3+ZJUI+GoK8aXHyzKd7/CKKuK93cxEMJPpfi1dfsOfdw==",
			"cpu": [
				"ia32"
			],
			"dev": true,
			"optional": true,
			"os": [
				"linux"
			],
			"engines": {
				"node": ">=12"
			}
		},
		"node_modules/esbuild-linux-64": {
			"version": "0.14.27",
			"resolved": "https://registry.npmjs.org/esbuild-linux-64/-/esbuild-linux-64-0.14.27.tgz",
			"integrity": "sha512-ESjck9+EsHoTaKWlFKJpPZRN26uiav5gkI16RuI8WBxUdLrrAlYuYSndxxKgEn1csd968BX/8yQZATYf/9+/qg==",
			"cpu": [
				"x64"
			],
			"dev": true,
			"optional": true,
			"os": [
				"linux"
			],
			"engines": {
				"node": ">=12"
			}
		},
		"node_modules/esbuild-linux-arm": {
			"version": "0.14.27",
			"resolved": "https://registry.npmjs.org/esbuild-linux-arm/-/esbuild-linux-arm-0.14.27.tgz",
			"integrity": "sha512-JnnmgUBdqLQO9hoNZQqNHFWlNpSX82vzB3rYuCJMhtkuaWQEmQz6Lec1UIxJdC38ifEghNTBsF9bbe8dFilnCw==",
			"cpu": [
				"arm"
			],
			"dev": true,
			"optional": true,
			"os": [
				"linux"
			],
			"engines": {
				"node": ">=12"
			}
		},
		"node_modules/esbuild-linux-arm64": {
			"version": "0.14.27",
			"resolved": "https://registry.npmjs.org/esbuild-linux-arm64/-/esbuild-linux-arm64-0.14.27.tgz",
			"integrity": "sha512-no6Mi17eV2tHlJnqBHRLekpZ2/VYx+NfGxKcBE/2xOMYwctsanCaXxw4zapvNrGE9X38vefVXLz6YCF8b1EHiQ==",
			"cpu": [
				"arm64"
			],
			"dev": true,
			"optional": true,
			"os": [
				"linux"
			],
			"engines": {
				"node": ">=12"
			}
		},
		"node_modules/esbuild-linux-mips64le": {
			"version": "0.14.27",
			"resolved": "https://registry.npmjs.org/esbuild-linux-mips64le/-/esbuild-linux-mips64le-0.14.27.tgz",
			"integrity": "sha512-NolWP2uOvIJpbwpsDbwfeExZOY1bZNlWE/kVfkzLMsSgqeVcl5YMen/cedRe9mKnpfLli+i0uSp7N+fkKNU27A==",
			"cpu": [
				"mips64el"
			],
			"dev": true,
			"optional": true,
			"os": [
				"linux"
			],
			"engines": {
				"node": ">=12"
			}
		},
		"node_modules/esbuild-linux-ppc64le": {
			"version": "0.14.27",
			"resolved": "https://registry.npmjs.org/esbuild-linux-ppc64le/-/esbuild-linux-ppc64le-0.14.27.tgz",
			"integrity": "sha512-/7dTjDvXMdRKmsSxKXeWyonuGgblnYDn0MI1xDC7J1VQXny8k1qgNp6VmrlsawwnsymSUUiThhkJsI+rx0taNA==",
			"cpu": [
				"ppc64"
			],
			"dev": true,
			"optional": true,
			"os": [
				"linux"
			],
			"engines": {
				"node": ">=12"
			}
		},
		"node_modules/esbuild-linux-riscv64": {
			"version": "0.14.27",
			"resolved": "https://registry.npmjs.org/esbuild-linux-riscv64/-/esbuild-linux-riscv64-0.14.27.tgz",
			"integrity": "sha512-D+aFiUzOJG13RhrSmZgrcFaF4UUHpqj7XSKrIiCXIj1dkIkFqdrmqMSOtSs78dOtObWiOrFCDDzB24UyeEiNGg==",
			"cpu": [
				"riscv64"
			],
			"dev": true,
			"optional": true,
			"os": [
				"linux"
			],
			"engines": {
				"node": ">=12"
			}
		},
		"node_modules/esbuild-linux-s390x": {
			"version": "0.14.27",
			"resolved": "https://registry.npmjs.org/esbuild-linux-s390x/-/esbuild-linux-s390x-0.14.27.tgz",
			"integrity": "sha512-CD/D4tj0U4UQjELkdNlZhQ8nDHU5rBn6NGp47Hiz0Y7/akAY5i0oGadhEIg0WCY/HYVXFb3CsSPPwaKcTOW3bg==",
			"cpu": [
				"s390x"
			],
			"dev": true,
			"optional": true,
			"os": [
				"linux"
			],
			"engines": {
				"node": ">=12"
			}
		},
		"node_modules/esbuild-netbsd-64": {
			"version": "0.14.27",
			"resolved": "https://registry.npmjs.org/esbuild-netbsd-64/-/esbuild-netbsd-64-0.14.27.tgz",
			"integrity": "sha512-h3mAld69SrO1VoaMpYl3a5FNdGRE/Nqc+E8VtHOag4tyBwhCQXxtvDDOAKOUQexBGca0IuR6UayQ4ntSX5ij1Q==",
			"cpu": [
				"x64"
			],
			"dev": true,
			"optional": true,
			"os": [
				"netbsd"
			],
			"engines": {
				"node": ">=12"
			}
		},
		"node_modules/esbuild-openbsd-64": {
			"version": "0.14.27",
			"resolved": "https://registry.npmjs.org/esbuild-openbsd-64/-/esbuild-openbsd-64-0.14.27.tgz",
			"integrity": "sha512-xwSje6qIZaDHXWoPpIgvL+7fC6WeubHHv18tusLYMwL+Z6bEa4Pbfs5IWDtQdHkArtfxEkIZz77944z8MgDxGw==",
			"cpu": [
				"x64"
			],
			"dev": true,
			"optional": true,
			"os": [
				"openbsd"
			],
			"engines": {
				"node": ">=12"
			}
		},
		"node_modules/esbuild-sunos-64": {
			"version": "0.14.27",
			"resolved": "https://registry.npmjs.org/esbuild-sunos-64/-/esbuild-sunos-64-0.14.27.tgz",
			"integrity": "sha512-/nBVpWIDjYiyMhuqIqbXXsxBc58cBVH9uztAOIfWShStxq9BNBik92oPQPJ57nzWXRNKQUEFWr4Q98utDWz7jg==",
			"cpu": [
				"x64"
			],
			"dev": true,
			"optional": true,
			"os": [
				"sunos"
			],
			"engines": {
				"node": ">=12"
			}
		},
		"node_modules/esbuild-windows-32": {
			"version": "0.14.27",
			"resolved": "https://registry.npmjs.org/esbuild-windows-32/-/esbuild-windows-32-0.14.27.tgz",
			"integrity": "sha512-Q9/zEjhZJ4trtWhFWIZvS/7RUzzi8rvkoaS9oiizkHTTKd8UxFwn/Mm2OywsAfYymgUYm8+y2b+BKTNEFxUekw==",
			"cpu": [
				"ia32"
			],
			"dev": true,
			"optional": true,
			"os": [
				"win32"
			],
			"engines": {
				"node": ">=12"
			}
		},
		"node_modules/esbuild-windows-64": {
			"version": "0.14.27",
			"resolved": "https://registry.npmjs.org/esbuild-windows-64/-/esbuild-windows-64-0.14.27.tgz",
			"integrity": "sha512-b3y3vTSl5aEhWHK66ngtiS/c6byLf6y/ZBvODH1YkBM+MGtVL6jN38FdHUsZasCz9gFwYs/lJMVY9u7GL6wfYg==",
			"cpu": [
				"x64"
			],
			"dev": true,
			"optional": true,
			"os": [
				"win32"
			],
			"engines": {
				"node": ">=12"
			}
		},
		"node_modules/esbuild-windows-arm64": {
			"version": "0.14.27",
			"resolved": "https://registry.npmjs.org/esbuild-windows-arm64/-/esbuild-windows-arm64-0.14.27.tgz",
			"integrity": "sha512-I/reTxr6TFMcR5qbIkwRGvldMIaiBu2+MP0LlD7sOlNXrfqIl9uNjsuxFPGEG4IRomjfQ5q8WT+xlF/ySVkqKg==",
			"cpu": [
				"arm64"
			],
			"dev": true,
			"optional": true,
			"os": [
				"win32"
			],
			"engines": {
				"node": ">=12"
			}
		},
		"node_modules/etag": {
			"version": "1.8.1",
			"resolved": "https://registry.npmjs.org/etag/-/etag-1.8.1.tgz",
			"integrity": "sha1-Qa4u62XvpiJorr/qg6x9eSmbCIc=",
			"engines": {
				"node": ">= 0.6"
			}
		},
		"node_modules/fresh": {
			"version": "0.5.2",
			"resolved": "https://registry.npmjs.org/fresh/-/fresh-0.5.2.tgz",
			"integrity": "sha1-PYyt2Q2XZWn6g1qx+OSyOhBWBac=",
			"engines": {
				"node": ">= 0.6"
			}
		},
		"node_modules/mitt": {
			"version": "1.1.3",
			"resolved": "https://registry.npmjs.org/mitt/-/mitt-1.1.3.tgz",
			"integrity": "sha512-mUDCnVNsAi+eD6qA0HkRkwYczbLHJ49z17BGe2PYRhZL4wpZUFZGJHU7/5tmvohoma+Hdn0Vh/oJTiPEmgSruA=="
		},
		"node_modules/ms": {
			"version": "2.1.2",
			"resolved": "https://registry.npmjs.org/ms/-/ms-2.1.2.tgz",
			"integrity": "sha512-sGkPx+VjMtmA6MX27oA4FBFELFCZZ4S4XqeGOXCv68tT+jb3vk/RyaKWP0PTKyWtmLSM0b+adUTEvbs1PEaH2w==",
			"dev": true
		},
		"node_modules/nanologger": {
			"version": "1.3.1",
			"resolved": "https://registry.npmjs.org/nanologger/-/nanologger-1.3.1.tgz",
			"integrity": "sha1-2oFniH8h7l8tiBv+Wwdc62xZXKk=",
			"dev": true,
			"dependencies": {
				"xtend": "^4.0.1"
			}
		},
		"node_modules/rxjs": {
			"version": "5.5.12",
			"resolved": "https://registry.npmjs.org/rxjs/-/rxjs-5.5.12.tgz",
			"integrity": "sha512-xx2itnL5sBbqeeiVgNPVuQQ1nC8Jp2WfNJhXWHmElW9YmrpS9UVnNzhP3EH3HFqexO5Tlp8GhYY+WEcqcVMvGw==",
			"dependencies": {
				"symbol-observable": "1.0.1"
			},
			"engines": {
				"npm": ">=2.0.0"
			}
		},
		"node_modules/socket.io-client": {
			"version": "4.5.4",
			"resolved": "https://registry.npmjs.org/socket.io-client/-/socket.io-client-4.5.4.tgz",
			"integrity": "sha512-ZpKteoA06RzkD32IbqILZ+Cnst4xewU7ZYK12aS1mzHftFFjpoMz69IuhP/nL25pJfao/amoPI527KnuhFm01g==",
			"dev": true,
			"dependencies": {
				"@socket.io/component-emitter": "~3.1.0",
				"debug": "~4.3.2",
				"engine.io-client": "~6.2.3",
				"socket.io-parser": "~4.2.1"
			},
			"engines": {
				"node": ">=10.0.0"
			}
		},
		"node_modules/socket.io-parser": {
			"version": "4.2.1",
			"resolved": "https://registry.npmjs.org/socket.io-parser/-/socket.io-parser-4.2.1.tgz",
			"integrity": "sha512-V4GrkLy+HeF1F/en3SpUaM+7XxYXpuMUWLGde1kSSh5nQMN4hLrbPIkD+otwh6q9R6NOQBN4AMaOZ2zVjui82g==",
			"dev": true,
			"dependencies": {
				"@socket.io/component-emitter": "~3.1.0",
				"debug": "~4.3.1"
			},
			"engines": {
				"node": ">=10.0.0"
			}
		},
		"node_modules/symbol-observable": {
			"version": "1.0.1",
			"resolved": "https://registry.npmjs.org/symbol-observable/-/symbol-observable-1.0.1.tgz",
			"integrity": "sha1-g0D8RwLDEi310iKI+IKD9RPT/dQ=",
			"engines": {
				"node": ">=0.10.0"
			}
		},
		"node_modules/typescript": {
			"version": "4.6.2",
			"resolved": "https://registry.npmjs.org/typescript/-/typescript-4.6.2.tgz",
			"integrity": "sha512-HM/hFigTBHZhLXshn9sN37H085+hQGeJHJ/X7LpBWLID/fbc2acUMfU+lGD98X81sKP+pFa9f0DZmCwB9GnbAg==",
			"bin": {
				"tsc": "bin/tsc",
				"tsserver": "bin/tsserver"
			},
			"engines": {
				"node": ">=4.2.0"
			}
		},
		"node_modules/ws": {
			"version": "8.2.3",
			"resolved": "https://registry.npmjs.org/ws/-/ws-8.2.3.tgz",
			"integrity": "sha512-wBuoj1BDpC6ZQ1B7DWQBYVLphPWkm8i9Y0/3YdHjHKHiohOJ1ws+3OccDWtH+PoC9DZD5WOTrJvNbWvjS6JWaA==",
			"dev": true,
			"engines": {
				"node": ">=10.0.0"
			},
			"peerDependencies": {
				"bufferutil": "^4.0.1",
				"utf-8-validate": "^5.0.2"
			},
			"peerDependenciesMeta": {
				"bufferutil": {
					"optional": true
				},
				"utf-8-validate": {
					"optional": true
				}
			}
		},
		"node_modules/xmlhttprequest-ssl": {
			"version": "2.0.0",
			"resolved": "https://registry.npmjs.org/xmlhttprequest-ssl/-/xmlhttprequest-ssl-2.0.0.tgz",
			"integrity": "sha512-QKxVRxiRACQcVuQEYFsI1hhkrMlrXHPegbbd1yn9UHOmRxY+si12nQYzri3vbzt8VdTTRviqcKxcyllFas5z2A==",
			"dev": true,
			"engines": {
				"node": ">=0.4.0"
			}
		},
		"node_modules/xtend": {
			"version": "4.0.1",
			"resolved": "https://registry.npmjs.org/xtend/-/xtend-4.0.1.tgz",
			"integrity": "sha1-pcbVMr5lbiPbgg77lDofBJmNY68=",
			"dev": true,
			"engines": {
				"node": ">=0.4"
			}
		}
	},
	"dependencies": {
		"@socket.io/component-emitter": {
			"version": "3.1.0",
			"resolved": "https://registry.npmjs.org/@socket.io/component-emitter/-/component-emitter-3.1.0.tgz",
			"integrity": "sha512-+9jVqKhRSpsc591z5vX+X5Yyw+he/HCB4iQ/RYxw35CEPaY1gnsNE43nf9n9AaYjAQrTiI/mOwKUKdUs9vf7Xg==",
			"dev": true
		},
		"@types/node": {
			"version": "8.10.46",
			"resolved": "https://registry.npmjs.org/@types/node/-/node-8.10.46.tgz",
			"integrity": "sha512-PfnRbk836fFs9T9QnZh0G1k9oC6YXCqIK3LX6vU/6oiXtEBSFCiJFj6UnLZtqIIHTsgMn8Dojq3yhmpwY7QWcw==",
			"dev": true
		},
		"debug": {
			"version": "4.3.4",
			"resolved": "https://registry.npmjs.org/debug/-/debug-4.3.4.tgz",
			"integrity": "sha512-PRWFHuSU3eDtQJPvnNY7Jcket1j0t5OuOsFzPPzsekD52Zl8qUfFIPEiswXqIvHWGVHOgX+7G/vCNNhehwxfkQ==",
			"dev": true,
			"requires": {
				"ms": "2.1.2"
			}
		},
		"engine.io-client": {
			"version": "6.2.3",
			"resolved": "https://registry.npmjs.org/engine.io-client/-/engine.io-client-6.2.3.tgz",
			"integrity": "sha512-aXPtgF1JS3RuuKcpSrBtimSjYvrbhKW9froICH4s0F3XQWLxsKNxqzG39nnvQZQnva4CMvUK63T7shevxRyYHw==",
			"dev": true,
			"requires": {
				"@socket.io/component-emitter": "~3.1.0",
				"debug": "~4.3.1",
				"engine.io-parser": "~5.0.3",
				"ws": "~8.2.3",
				"xmlhttprequest-ssl": "~2.0.0"
			}
		},
		"engine.io-parser": {
			"version": "5.0.4",
			"resolved": "https://registry.npmjs.org/engine.io-parser/-/engine.io-parser-5.0.4.tgz",
			"integrity": "sha512-+nVFp+5z1E3HcToEnO7ZIj3g+3k9389DvWtvJZz0T6/eOCPIyyxehFcedoYrZQrp0LgQbD9pPXhpMBKMd5QURg==",
			"dev": true
		},
		"esbuild": {
			"version": "0.14.27",
			"resolved": "https://registry.npmjs.org/esbuild/-/esbuild-0.14.27.tgz",
			"integrity": "sha512-MZQt5SywZS3hA9fXnMhR22dv0oPGh6QtjJRIYbgL1AeqAoQZE+Qn5ppGYQAoHv/vq827flj4tIJ79Mrdiwk46Q==",
			"dev": true,
			"requires": {
				"esbuild-android-64": "0.14.27",
				"esbuild-android-arm64": "0.14.27",
				"esbuild-darwin-64": "0.14.27",
				"esbuild-darwin-arm64": "0.14.27",
				"esbuild-freebsd-64": "0.14.27",
				"esbuild-freebsd-arm64": "0.14.27",
				"esbuild-linux-32": "0.14.27",
				"esbuild-linux-64": "0.14.27",
				"esbuild-linux-arm": "0.14.27",
				"esbuild-linux-arm64": "0.14.27",
				"esbuild-linux-mips64le": "0.14.27",
				"esbuild-linux-ppc64le": "0.14.27",
				"esbuild-linux-riscv64": "0.14.27",
				"esbuild-linux-s390x": "0.14.27",
				"esbuild-netbsd-64": "0.14.27",
				"esbuild-openbsd-64": "0.14.27",
				"esbuild-sunos-64": "0.14.27",
				"esbuild-windows-32": "0.14.27",
				"esbuild-windows-64": "0.14.27",
				"esbuild-windows-arm64": "0.14.27"
			}
		},
		"esbuild-android-64": {
			"version": "0.14.27",
			"resolved": "https://registry.npmjs.org/esbuild-android-64/-/esbuild-android-64-0.14.27.tgz",
			"integrity": "sha512-LuEd4uPuj/16Y8j6kqy3Z2E9vNY9logfq8Tq+oTE2PZVuNs3M1kj5Qd4O95ee66yDGb3isaOCV7sOLDwtMfGaQ==",
			"dev": true,
			"optional": true
		},
		"esbuild-android-arm64": {
			"version": "0.14.27",
			"resolved": "https://registry.npmjs.org/esbuild-android-arm64/-/esbuild-android-arm64-0.14.27.tgz",
			"integrity": "sha512-E8Ktwwa6vX8q7QeJmg8yepBYXaee50OdQS3BFtEHKrzbV45H4foMOeEE7uqdjGQZFBap5VAqo7pvjlyA92wznQ==",
			"dev": true,
			"optional": true
		},
		"esbuild-darwin-64": {
			"version": "0.14.27",
			"resolved": "https://registry.npmjs.org/esbuild-darwin-64/-/esbuild-darwin-64-0.14.27.tgz",
			"integrity": "sha512-czw/kXl/1ZdenPWfw9jDc5iuIYxqUxgQ/Q+hRd4/3udyGGVI31r29LCViN2bAJgGvQkqyLGVcG03PJPEXQ5i2g==",
			"dev": true,
			"optional": true
		},
		"esbuild-darwin-arm64": {
			"version": "0.14.27",
			"resolved": "https://registry.npmjs.org/esbuild-darwin-arm64/-/esbuild-darwin-arm64-0.14.27.tgz",
			"integrity": "sha512-BEsv2U2U4o672oV8+xpXNxN9bgqRCtddQC6WBh4YhXKDcSZcdNh7+6nS+DM2vu7qWIWNA4JbRG24LUUYXysimQ==",
			"dev": true,
			"optional": true
		},
		"esbuild-freebsd-64": {
			"version": "0.14.27",
			"resolved": "https://registry.npmjs.org/esbuild-freebsd-64/-/esbuild-freebsd-64-0.14.27.tgz",
			"integrity": "sha512-7FeiFPGBo+ga+kOkDxtPmdPZdayrSzsV9pmfHxcyLKxu+3oTcajeZlOO1y9HW+t5aFZPiv7czOHM4KNd0tNwCA==",
			"dev": true,
			"optional": true
		},
		"esbuild-freebsd-arm64": {
			"version": "0.14.27",
			"resolved": "https://registry.npmjs.org/esbuild-freebsd-arm64/-/esbuild-freebsd-arm64-0.14.27.tgz",
			"integrity": "sha512-8CK3++foRZJluOWXpllG5zwAVlxtv36NpHfsbWS7TYlD8S+QruXltKlXToc/5ZNzBK++l6rvRKELu/puCLc7jA==",
			"dev": true,
			"optional": true
		},
		"esbuild-linux-32": {
			"version": "0.14.27",
			"resolved": "https://registry.npmjs.org/esbuild-linux-32/-/esbuild-linux-32-0.14.27.tgz",
			"integrity": "sha512-qhNYIcT+EsYSBClZ5QhLzFzV5iVsP1YsITqblSaztr3+ZJUI+GoK8aXHyzKd7/CKKuK93cxEMJPpfi1dfsOfdw==",
			"dev": true,
			"optional": true
		},
		"esbuild-linux-64": {
			"version": "0.14.27",
			"resolved": "https://registry.npmjs.org/esbuild-linux-64/-/esbuild-linux-64-0.14.27.tgz",
			"integrity": "sha512-ESjck9+EsHoTaKWlFKJpPZRN26uiav5gkI16RuI8WBxUdLrrAlYuYSndxxKgEn1csd968BX/8yQZATYf/9+/qg==",
			"dev": true,
			"optional": true
		},
		"esbuild-linux-arm": {
			"version": "0.14.27",
			"resolved": "https://registry.npmjs.org/esbuild-linux-arm/-/esbuild-linux-arm-0.14.27.tgz",
			"integrity": "sha512-JnnmgUBdqLQO9hoNZQqNHFWlNpSX82vzB3rYuCJMhtkuaWQEmQz6Lec1UIxJdC38ifEghNTBsF9bbe8dFilnCw==",
			"dev": true,
			"optional": true
		},
		"esbuild-linux-arm64": {
			"version": "0.14.27",
			"resolved": "https://registry.npmjs.org/esbuild-linux-arm64/-/esbuild-linux-arm64-0.14.27.tgz",
			"integrity": "sha512-no6Mi17eV2tHlJnqBHRLekpZ2/VYx+NfGxKcBE/2xOMYwctsanCaXxw4zapvNrGE9X38vefVXLz6YCF8b1EHiQ==",
			"dev": true,
			"optional": true
		},
		"esbuild-linux-mips64le": {
			"version": "0.14.27",
			"resolved": "https://registry.npmjs.org/esbuild-linux-mips64le/-/esbuild-linux-mips64le-0.14.27.tgz",
			"integrity": "sha512-NolWP2uOvIJpbwpsDbwfeExZOY1bZNlWE/kVfkzLMsSgqeVcl5YMen/cedRe9mKnpfLli+i0uSp7N+fkKNU27A==",
			"dev": true,
			"optional": true
		},
		"esbuild-linux-ppc64le": {
			"version": "0.14.27",
			"resolved": "https://registry.npmjs.org/esbuild-linux-ppc64le/-/esbuild-linux-ppc64le-0.14.27.tgz",
			"integrity": "sha512-/7dTjDvXMdRKmsSxKXeWyonuGgblnYDn0MI1xDC7J1VQXny8k1qgNp6VmrlsawwnsymSUUiThhkJsI+rx0taNA==",
			"dev": true,
			"optional": true
		},
		"esbuild-linux-riscv64": {
			"version": "0.14.27",
			"resolved": "https://registry.npmjs.org/esbuild-linux-riscv64/-/esbuild-linux-riscv64-0.14.27.tgz",
			"integrity": "sha512-D+aFiUzOJG13RhrSmZgrcFaF4UUHpqj7XSKrIiCXIj1dkIkFqdrmqMSOtSs78dOtObWiOrFCDDzB24UyeEiNGg==",
			"dev": true,
			"optional": true
		},
		"esbuild-linux-s390x": {
			"version": "0.14.27",
			"resolved": "https://registry.npmjs.org/esbuild-linux-s390x/-/esbuild-linux-s390x-0.14.27.tgz",
			"integrity": "sha512-CD/D4tj0U4UQjELkdNlZhQ8nDHU5rBn6NGp47Hiz0Y7/akAY5i0oGadhEIg0WCY/HYVXFb3CsSPPwaKcTOW3bg==",
			"dev": true,
			"optional": true
		},
		"esbuild-netbsd-64": {
			"version": "0.14.27",
			"resolved": "https://registry.npmjs.org/esbuild-netbsd-64/-/esbuild-netbsd-64-0.14.27.tgz",
			"integrity": "sha512-h3mAld69SrO1VoaMpYl3a5FNdGRE/Nqc+E8VtHOag4tyBwhCQXxtvDDOAKOUQexBGca0IuR6UayQ4ntSX5ij1Q==",
			"dev": true,
			"optional": true
		},
		"esbuild-openbsd-64": {
			"version": "0.14.27",
			"resolved": "https://registry.npmjs.org/esbuild-openbsd-64/-/esbuild-openbsd-64-0.14.27.tgz",
			"integrity": "sha512-xwSje6qIZaDHXWoPpIgvL+7fC6WeubHHv18tusLYMwL+Z6bEa4Pbfs5IWDtQdHkArtfxEkIZz77944z8MgDxGw==",
			"dev": true,
			"optional": true
		},
		"esbuild-sunos-64": {
			"version": "0.14.27",
			"resolved": "https://registry.npmjs.org/esbuild-sunos-64/-/esbuild-sunos-64-0.14.27.tgz",
			"integrity": "sha512-/nBVpWIDjYiyMhuqIqbXXsxBc58cBVH9uztAOIfWShStxq9BNBik92oPQPJ57nzWXRNKQUEFWr4Q98utDWz7jg==",
			"dev": true,
			"optional": true
		},
		"esbuild-windows-32": {
			"version": "0.14.27",
			"resolved": "https://registry.npmjs.org/esbuild-windows-32/-/esbuild-windows-32-0.14.27.tgz",
			"integrity": "sha512-Q9/zEjhZJ4trtWhFWIZvS/7RUzzi8rvkoaS9oiizkHTTKd8UxFwn/Mm2OywsAfYymgUYm8+y2b+BKTNEFxUekw==",
			"dev": true,
			"optional": true
		},
		"esbuild-windows-64": {
			"version": "0.14.27",
			"resolved": "https://registry.npmjs.org/esbuild-windows-64/-/esbuild-windows-64-0.14.27.tgz",
			"integrity": "sha512-b3y3vTSl5aEhWHK66ngtiS/c6byLf6y/ZBvODH1YkBM+MGtVL6jN38FdHUsZasCz9gFwYs/lJMVY9u7GL6wfYg==",
			"dev": true,
			"optional": true
		},
		"esbuild-windows-arm64": {
			"version": "0.14.27",
			"resolved": "https://registry.npmjs.org/esbuild-windows-arm64/-/esbuild-windows-arm64-0.14.27.tgz",
			"integrity": "sha512-I/reTxr6TFMcR5qbIkwRGvldMIaiBu2+MP0LlD7sOlNXrfqIl9uNjsuxFPGEG4IRomjfQ5q8WT+xlF/ySVkqKg==",
			"dev": true,
			"optional": true
		},
		"etag": {
			"version": "1.8.1",
			"resolved": "https://registry.npmjs.org/etag/-/etag-1.8.1.tgz",
			"integrity": "sha1-Qa4u62XvpiJorr/qg6x9eSmbCIc="
		},
		"fresh": {
			"version": "0.5.2",
			"resolved": "https://registry.npmjs.org/fresh/-/fresh-0.5.2.tgz",
			"integrity": "sha1-PYyt2Q2XZWn6g1qx+OSyOhBWBac="
		},
		"mitt": {
			"version": "1.1.3",
			"resolved": "https://registry.npmjs.org/mitt/-/mitt-1.1.3.tgz",
			"integrity": "sha512-mUDCnVNsAi+eD6qA0HkRkwYczbLHJ49z17BGe2PYRhZL4wpZUFZGJHU7/5tmvohoma+Hdn0Vh/oJTiPEmgSruA=="
		},
		"ms": {
			"version": "2.1.2",
			"resolved": "https://registry.npmjs.org/ms/-/ms-2.1.2.tgz",
			"integrity": "sha512-sGkPx+VjMtmA6MX27oA4FBFELFCZZ4S4XqeGOXCv68tT+jb3vk/RyaKWP0PTKyWtmLSM0b+adUTEvbs1PEaH2w==",
			"dev": true
		},
		"nanologger": {
			"version": "1.3.1",
			"resolved": "https://registry.npmjs.org/nanologger/-/nanologger-1.3.1.tgz",
			"integrity": "sha1-2oFniH8h7l8tiBv+Wwdc62xZXKk=",
			"dev": true,
			"requires": {
				"xtend": "^4.0.1"
			}
		},
		"rxjs": {
			"version": "5.5.12",
			"resolved": "https://registry.npmjs.org/rxjs/-/rxjs-5.5.12.tgz",
			"integrity": "sha512-xx2itnL5sBbqeeiVgNPVuQQ1nC8Jp2WfNJhXWHmElW9YmrpS9UVnNzhP3EH3HFqexO5Tlp8GhYY+WEcqcVMvGw==",
			"requires": {
				"symbol-observable": "1.0.1"
			}
		},
		"socket.io-client": {
			"version": "4.5.4",
			"resolved": "https://registry.npmjs.org/socket.io-client/-/socket.io-client-4.5.4.tgz",
			"integrity": "sha512-ZpKteoA06RzkD32IbqILZ+Cnst4xewU7ZYK12aS1mzHftFFjpoMz69IuhP/nL25pJfao/amoPI527KnuhFm01g==",
			"dev": true,
			"requires": {
				"@socket.io/component-emitter": "~3.1.0",
				"debug": "~4.3.2",
				"engine.io-client": "~6.2.3",
				"socket.io-parser": "~4.2.1"
			}
		},
		"socket.io-parser": {
			"version": "4.2.1",
			"resolved": "https://registry.npmjs.org/socket.io-parser/-/socket.io-parser-4.2.1.tgz",
			"integrity": "sha512-V4GrkLy+HeF1F/en3SpUaM+7XxYXpuMUWLGde1kSSh5nQMN4hLrbPIkD+otwh6q9R6NOQBN4AMaOZ2zVjui82g==",
			"dev": true,
			"requires": {
				"@socket.io/component-emitter": "~3.1.0",
				"debug": "~4.3.1"
			}
		},
		"symbol-observable": {
			"version": "1.0.1",
			"resolved": "https://registry.npmjs.org/symbol-observable/-/symbol-observable-1.0.1.tgz",
			"integrity": "sha1-g0D8RwLDEi310iKI+IKD9RPT/dQ="
		},
		"typescript": {
			"version": "4.6.2",
			"resolved": "https://registry.npmjs.org/typescript/-/typescript-4.6.2.tgz",
			"integrity": "sha512-HM/hFigTBHZhLXshn9sN37H085+hQGeJHJ/X7LpBWLID/fbc2acUMfU+lGD98X81sKP+pFa9f0DZmCwB9GnbAg=="
		},
		"ws": {
			"version": "8.2.3",
			"resolved": "https://registry.npmjs.org/ws/-/ws-8.2.3.tgz",
			"integrity": "sha512-wBuoj1BDpC6ZQ1B7DWQBYVLphPWkm8i9Y0/3YdHjHKHiohOJ1ws+3OccDWtH+PoC9DZD5WOTrJvNbWvjS6JWaA==",
			"dev": true,
			"requires": {}
		},
		"xmlhttprequest-ssl": {
			"version": "2.0.0",
			"resolved": "https://registry.npmjs.org/xmlhttprequest-ssl/-/xmlhttprequest-ssl-2.0.0.tgz",
			"integrity": "sha512-QKxVRxiRACQcVuQEYFsI1hhkrMlrXHPegbbd1yn9UHOmRxY+si12nQYzri3vbzt8VdTTRviqcKxcyllFas5z2A==",
			"dev": true
		},
		"xtend": {
			"version": "4.0.1",
			"resolved": "https://registry.npmjs.org/xtend/-/xtend-4.0.1.tgz",
			"integrity": "sha1-pcbVMr5lbiPbgg77lDofBJmNY68=",
			"dev": true
		}
	}
}
